
Microsoft Visual Studio Solution File, Format Version 12.00
# Visual Studio 2013
VisualStudioVersion = 12.0.31101.0
MinimumVisualStudioVersion = 10.0.40219.1
Project("{FAE04EC0-301F-11D3-BF4B-00C04F79EFBC}") = "EssentialMapHack", "EssentialMapHack\EssentialMapHack.csproj", "{D8846202-BF02-45A9-A957-3D3B9BF83F66}"
EndProject
Project("{FAE04EC0-301F-11D3-BF4B-00C04F79EFBC}") = "BrightBuddy", "BrightBuddy\BrightBuddy.csproj", "{173C9621-E827-4107-8245-7C243C26F30E}"
EndProject
Project("{FAE04EC0-301F-11D3-BF4B-00C04F79EFBC}") = "ObjectBuddy", "ObjectBuddy\ObjectBuddy.csproj", "{FC2C4A1E-F973-4380-A1F2-4187A94A3729}"
EndProject
Project("{FAE04EC0-301F-11D3-BF4B-00C04F79EFBC}") = "AutoBuddy_BETA", "AutoBuddy_BETA\AutoBuddy_BETA.csproj", "{91E742EE-1C58-41A7-9FAF-3302235F2456}"
EndProject
Project("{FAE04EC0-301F-11D3-BF4B-00C04F79EFBC}") = "EssentialLvlUp", "EssentialLvlUp\EssentialLvlUp.csproj", "{E7B71093-7FFB-445F-9D48-4251176FB23A}"
EndProject
Global
	GlobalSection(SolutionConfigurationPlatforms) = preSolution
		Debug|Any CPU = Debug|Any CPU
		Release|Any CPU = Release|Any CPU
	EndGlobalSection
	GlobalSection(ProjectConfigurationPlatforms) = postSolution
		{D8846202-BF02-45A9-A957-3D3B9BF83F66}.Debug|Any CPU.ActiveCfg = Debug|Any CPU
		{D8846202-BF02-45A9-A957-3D3B9BF83F66}.Debug|Any CPU.Build.0 = Debug|Any CPU
		{D8846202-BF02-45A9-A957-3D3B9BF83F66}.Release|Any CPU.ActiveCfg = Release|Any CPU
		{D8846202-BF02-45A9-A957-3D3B9BF83F66}.Release|Any CPU.Build.0 = Release|Any CPU
		{173C9621-E827-4107-8245-7C243C26F30E}.Debug|Any CPU.ActiveCfg = Debug|Any CPU
		{173C9621-E827-4107-8245-7C243C26F30E}.Debug|Any CPU.Build.0 = Debug|Any CPU
		{173C9621-E827-4107-8245-7C243C26F30E}.Release|Any CPU.ActiveCfg = Release|Any CPU
		{173C9621-E827-4107-8245-7C243C26F30E}.Release|Any CPU.Build.0 = Release|Any CPU
		{FC2C4A1E-F973-4380-A1F2-4187A94A3729}.Debug|Any CPU.ActiveCfg = Debug|Any CPU
		{FC2C4A1E-F973-4380-A1F2-4187A94A3729}.Debug|Any CPU.Build.0 = Debug|Any CPU
		{FC2C4A1E-F973-4380-A1F2-4187A94A3729}.Release|Any CPU.ActiveCfg = Release|Any CPU
		{FC2C4A1E-F973-4380-A1F2-4187A94A3729}.Release|Any CPU.Build.0 = Release|Any CPU
		{91E742EE-1C58-41A7-9FAF-3302235F2456}.Debug|Any CPU.ActiveCfg = Debug|Any CPU
		{91E742EE-1C58-41A7-9FAF-3302235F2456}.Debug|Any CPU.Build.0 = Debug|Any CPU
		{91E742EE-1C58-41A7-9FAF-3302235F2456}.Release|Any CPU.ActiveCfg = Release|Any CPU
		{91E742EE-1C58-41A7-9FAF-3302235F2456}.Release|Any CPU.Build.0 = Release|Any CPU
		{E7B71093-7FFB-445F-9D48-4251176FB23A}.Debug|Any CPU.ActiveCfg = Debug|Any CPU
		{E7B71093-7FFB-445F-9D48-4251176FB23A}.Debug|Any CPU.Build.0 = Debug|Any CPU
		{E7B71093-7FFB-445F-9D48-4251176FB23A}.Release|Any CPU.ActiveCfg = Release|Any CPU
		{E7B71093-7FFB-445F-9D48-4251176FB23A}.Release|Any CPU.Build.0 = Release|Any CPU
	EndGlobalSection
	GlobalSection(SolutionProperties) = preSolution
		HideSolutionNode = FALSE
	EndGlobalSection
EndGlobal
